
Microsoft Visual Studio Solution File, Format Version 12.00
# Visual Studio Version 16
VisualStudioVersion = 16.0.31025.194
MinimumVisualStudioVersion = 10.0.40219.1
Project("{9A19103F-16F7-4668-BE54-9A1E7A4F7556}") = "QuickSortC", "QuickSortC\QuickSortC.csproj", "{021B60C8-9A18-481F-AAF5-BC2439FB54DE}"
EndProject
Project("{F2A71F9B-5D33-465A-A702-920D77279786}") = "ClassLibrary", "ClassLibrary\ClassLibrary.fsproj", "{3891FC11-4CD4-4575-AFB0-E9D09197D349}"
EndProject
Global
	GlobalSection(SolutionConfigurationPlatforms) = preSolution
		Debug|Any CPU = Debug|Any CPU
		Release|Any CPU = Release|Any CPU
	EndGlobalSection
	GlobalSection(ProjectConfigurationPlatforms) = postSolution
		{021B60C8-9A18-481F-AAF5-BC2439FB54DE}.Debug|Any CPU.ActiveCfg = Debug|Any CPU
		{021B60C8-9A18-481F-AAF5-BC2439FB54DE}.Debug|Any CPU.Build.0 = Debug|Any CPU
		{021B60C8-9A18-481F-AAF5-BC2439FB54DE}.Release|Any CPU.ActiveCfg = Release|Any CPU
		{021B60C8-9A18-481F-AAF5-BC2439FB54DE}.Release|Any CPU.Build.0 = Release|Any CPU
		{3891FC11-4CD4-4575-AFB0-E9D09197D349}.Debug|Any CPU.ActiveCfg = Debug|Any CPU
		{3891FC11-4CD4-4575-AFB0-E9D09197D349}.Debug|Any CPU.Build.0 = Debug|Any CPU
		{3891FC11-4CD4-4575-AFB0-E9D09197D349}.Release|Any CPU.ActiveCfg = Release|Any CPU
		{3891FC11-4CD4-4575-AFB0-E9D09197D349}.Release|Any CPU.Build.0 = Release|Any CPU
	EndGlobalSection
	GlobalSection(SolutionProperties) = preSolution
		HideSolutionNode = FALSE
	EndGlobalSection
	GlobalSection(ExtensibilityGlobals) = postSolution
		SolutionGuid = {0D2542E2-23B2-4788-BA9F-E33AF3E47A84}
	EndGlobalSection
EndGlobal
